
Microsoft Visual Studio Solution File, Format Version 12.00
# Visual Studio 15
VisualStudioVersion = 15.0.27703.2026
MinimumVisualStudioVersion = 10.0.40219.1
Project("{8BC9CEB8-8B4A-11D0-8D11-00A0C91BC942}") = "file-browse", "file-browse\file-browse.vcxproj", "{BFFCA87B-C407-47B4-9B57-1A887AB70992}"
EndProject
Project("{8BC9CEB8-8B4A-11D0-8D11-00A0C91BC942}") = "file-browse-client", "file-broswe-client\file-broswe-client.vcxproj", "{61F61548-08E8-449F-9F61-E4D197311037}"
EndProject
Global
	GlobalSection(SolutionConfigurationPlatforms) = preSolution
		Debug|x64 = Debug|x64
		Debug|x86 = Debug|x86
		Release|x64 = Release|x64
		Release|x86 = Release|x86
	EndGlobalSection
	GlobalSection(ProjectConfigurationPlatforms) = postSolution
		{BFFCA87B-C407-47B4-9B57-1A887AB70992}.Debug|x64.ActiveCfg = Debug|x64
		{BFFCA87B-C407-47B4-9B57-1A887AB70992}.Debug|x64.Build.0 = Debug|x64
		{BFFCA87B-C407-47B4-9B57-1A887AB70992}.Debug|x86.ActiveCfg = Debug|Win32
		{BFFCA87B-C407-47B4-9B57-1A887AB70992}.Debug|x86.Build.0 = Debug|Win32
		{BFFCA87B-C407-47B4-9B57-1A887AB70992}.Release|x64.ActiveCfg = Release|x64
		{BFFCA87B-C407-47B4-9B57-1A887AB70992}.Release|x64.Build.0 = Release|x64
		{BFFCA87B-C407-47B4-9B57-1A887AB70992}.Release|x86.ActiveCfg = Release|Win32
		{BFFCA87B-C407-47B4-9B57-1A887AB70992}.Release|x86.Build.0 = Release|Win32
		{61F61548-08E8-449F-9F61-E4D197311037}.Debug|x64.ActiveCfg = Debug|x64
		{61F61548-08E8-449F-9F61-E4D197311037}.Debug|x64.Build.0 = Debug|x64
		{61F61548-08E8-449F-9F61-E4D197311037}.Debug|x86.ActiveCfg = Debug|Win32
		{61F61548-08E8-449F-9F61-E4D197311037}.Debug|x86.Build.0 = Debug|Win32
		{61F61548-08E8-449F-9F61-E4D197311037}.Release|x64.ActiveCfg = Release|x64
		{61F61548-08E8-449F-9F61-E4D197311037}.Release|x64.Build.0 = Release|x64
		{61F61548-08E8-449F-9F61-E4D197311037}.Release|x86.ActiveCfg = Release|Win32
		{61F61548-08E8-449F-9F61-E4D197311037}.Release|x86.Build.0 = Release|Win32
	EndGlobalSection
	GlobalSection(SolutionProperties) = preSolution
		HideSolutionNode = FALSE
	EndGlobalSection
	GlobalSection(ExtensibilityGlobals) = postSolution
		SolutionGuid = {74F2F91B-1B37-47B0-9C8F-118093418756}
	EndGlobalSection
EndGlobal
